{
  "requires": true,
  "lockfileVersion": 1,
  "dependencies": {
    "@twilio/webrtc": {
      "version": "4.2.0",
      "resolved": "https://registry.npmjs.org/@twilio/webrtc/-/webrtc-4.2.0.tgz",
      "integrity": "sha512-MmxRVuQtKSKqSsspe9cGuhIH+p7EuEhainHXvdys8QdFbBpnRkGuQKNwwiNzwf+9DcTvlw1B32q3TDgyfqopKw=="
    },
    "@types/fscreen": {
      "version": "1.0.1",
      "resolved": "https://registry.npmjs.org/@types/fscreen/-/fscreen-1.0.1.tgz",
      "integrity": "sha512-hV2d0BreihMGtrg+EdAFOIl/O2EL5vhAheHJUztGE/lPFZIN8ZCpGFL8hCbtyi1CfhKjDRCf47sHjP+FwJ4q0Q=="
    },
    "@types/lodash": {
      "version": "4.14.149",
      "resolved": "https://registry.npmjs.org/@types/lodash/-/lodash-4.14.149.tgz",
      "integrity": "sha512-ijGqzZt/b7BfzcK9vTrS6MFljQRPn5BFWOx8oE0GYxribu6uV+aA9zZuXI1zc/etK9E8nrgdoF2+LgUw7+9tJQ=="
    },
    "@types/lodash.throttle": {
      "version": "4.1.6",
      "resolved": "https://registry.npmjs.org/@types/lodash.throttle/-/lodash.throttle-4.1.6.tgz",
      "integrity": "sha512-/UIH96i/sIRYGC60NoY72jGkCJtFN5KVPhEMMMTjol65effe1gPn0tycJqV5tlSwMTzX8FqzB5yAj0rfGHTPNg==",
      "requires": {
        "@types/lodash": "*"
      }
    },
    "@types/twilio-video": {
      "version": "2.0.11",
      "resolved": "https://registry.npmjs.org/@types/twilio-video/-/twilio-video-2.0.11.tgz",
      "integrity": "sha512-4lbu6iOB39DYmN7OK5e0Kp7bYgmGkqNjJtlxksKW5lrDqGol1jVbQAvpaVn4XVhxQU0fMLvXW0vO7k0WHbwCLg=="
    },
    "async-limiter": {
      "version": "1.0.1",
      "resolved": "https://registry.npmjs.org/async-limiter/-/async-limiter-1.0.1.tgz",
      "integrity": "sha512-csOlWGAcRFJaI6m+F2WKdnMKr4HhdhFVBk0H/QbJFMCr+uO2kwohwXQPxw/9OCxp05r5ghVBFSyioixx3gfkNQ=="
    },
    "backoff": {
      "version": "2.5.0",
      "resolved": "https://registry.npmjs.org/backoff/-/backoff-2.5.0.tgz",
      "integrity": "sha1-9hbtqdPktmuMp/ynn2lXIsX44m8=",
      "requires": {
        "precond": "0.2"
      }
    },
    "fscreen": {
      "version": "1.0.2",
      "resolved": "https://registry.npmjs.org/fscreen/-/fscreen-1.0.2.tgz",
      "integrity": "sha1-xMUdltgZ11oZ1yjg30Rfm+m7mE8="
    },
    "lodash.throttle": {
      "version": "4.1.1",
      "resolved": "https://registry.npmjs.org/lodash.throttle/-/lodash.throttle-4.1.1.tgz",
      "integrity": "sha1-wj6RtxAkKscMN/HhzaknTMOb8vQ="
    },
    "precond": {
      "version": "0.2.3",
      "resolved": "https://registry.npmjs.org/precond/-/precond-0.2.3.tgz",
      "integrity": "sha1-qpWRvKokkj8eD0hJ0kD0fvwQdaw="
    },
    "safe-buffer": {
      "version": "5.1.2",
      "resolved": "https://registry.npmjs.org/safe-buffer/-/safe-buffer-5.1.2.tgz",
      "integrity": "sha512-Gd2UZBJDkXlY7GbJxfsE8/nvKkUEU1G38c1siN6QP6a9PT9MmHB8GnpscSmMJSoF8LOIrt8ud/wPtojys4G6+g=="
    },
    "twilio-video": {
      "version": "2.3.0",
      "resolved": "https://registry.npmjs.org/twilio-video/-/twilio-video-2.3.0.tgz",
      "integrity": "sha512-03tOkLWamHMLV8Z6imcPG9A1RFOYuSNEn5pbUEa/RhJWgPhmeffwPqOL8tw96md8Byum3vLUFUo5kvEt4NhK1w==",
      "requires": {
        "@twilio/webrtc": "4.2.0",
        "backoff": "^2.5.0",
        "ws": "^3.3.1",
        "xmlhttprequest": "^1.8.0"
      }
    },
    "ultron": {
      "version": "1.1.1",
      "resolved": "https://registry.npmjs.org/ultron/-/ultron-1.1.1.tgz",
      "integrity": "sha512-UIEXBNeYmKptWH6z8ZnqTeS8fV74zG0/eRU9VGkpzz+LIJNs8W/zM/L+7ctCkRrgbNnnR0xxw4bKOr0cW0N0Og=="
    },
    "ws": {
      "version": "3.3.3",
      "resolved": "https://registry.npmjs.org/ws/-/ws-3.3.3.tgz",
      "integrity": "sha512-nnWLa/NwZSt4KQJu51MYlCcSQ5g7INpOrOMt4XV8j4dqTXdmlUmSHQ8/oLC069ckre0fRsgfvsKwbTdtKLCDkA==",
      "requires": {
        "async-limiter": "~1.0.0",
        "safe-buffer": "~5.1.0",
        "ultron": "~1.1.0"
      }
    },
    "xmlhttprequest": {
      "version": "1.8.0",
      "resolved": "https://registry.npmjs.org/xmlhttprequest/-/xmlhttprequest-1.8.0.tgz",
      "integrity": "sha1-Z/4HXFwk/vOfnWX197f+dRcZaPw="
    }
  }
}
